lockfileVersion: '9.0'

settings:
  autoInstallPeers: true
  excludeLinksFromLockfile: false

importers:

  .:
    dependencies:
      '@radix-ui/react-label':
        specifier: ^2.1.7
        version: 2.1.7(react-dom@19.1.0(react@19.1.0))(react@19.1.0)
      '@tanstack/query-sync-storage-persister':
        specifier: ^5.81.5
        version: 5.81.5
      '@tanstack/react-query-persist-client':
        specifier: ^5.81.5
        version: 5.81.5(@tanstack/react-query@5.81.5(react@19.1.0))(react@19.1.0)
      js-cookie:
        specifier: ^3.0.5
        version: 3.0.5

packages:

  '@radix-ui/react-compose-refs@1.1.2':
    resolution: {integrity: sha512-z4eqJvfiNnFMHIIvXP3CY57y2WJs5g2v3X0zm9mEJkrkNv4rDxu+sg9Jh8EkXyeqBkB7SOcboo9dMVqhyrACIg==}
    peerDependencies:
      '@types/react': '*'
      react: ^16.8 || ^17.0 || ^18.0 || ^19.0 || ^19.0.0-rc
    peerDependenciesMeta:
      '@types/react':
        optional: true

  '@radix-ui/react-label@2.1.7':
    resolution: {integrity: sha512-YT1GqPSL8kJn20djelMX7/cTRp/Y9w5IZHvfxQTVHrOqa2yMl7i/UfMqKRU5V7mEyKTrUVgJXhNQPVCG8PBLoQ==}
    peerDependencies:
      '@types/react': '*'
      '@types/react-dom': '*'
      react: ^16.8 || ^17.0 || ^18.0 || ^19.0 || ^19.0.0-rc
      react-dom: ^16.8 || ^17.0 || ^18.0 || ^19.0 || ^19.0.0-rc
    peerDependenciesMeta:
      '@types/react':
        optional: true
      '@types/react-dom':
        optional: true

  '@radix-ui/react-primitive@2.1.3':
    resolution: {integrity: sha512-m9gTwRkhy2lvCPe6QJp4d3G1TYEUHn/FzJUtq9MjH46an1wJU+GdoGC5VLof8RX8Ft/DlpshApkhswDLZzHIcQ==}
    peerDependencies:
      '@types/react': '*'
      '@types/react-dom': '*'
      react: ^16.8 || ^17.0 || ^18.0 || ^19.0 || ^19.0.0-rc
      react-dom: ^16.8 || ^17.0 || ^18.0 || ^19.0 || ^19.0.0-rc
    peerDependenciesMeta:
      '@types/react':
        optional: true
      '@types/react-dom':
        optional: true

  '@radix-ui/react-slot@1.2.3':
    resolution: {integrity: sha512-aeNmHnBxbi2St0au6VBVC7JXFlhLlOnvIIlePNniyUNAClzmtAUEY8/pBiK3iHjufOlwA+c20/8jngo7xcrg8A==}
    peerDependencies:
      '@types/react': '*'
      react: ^16.8 || ^17.0 || ^18.0 || ^19.0 || ^19.0.0-rc
    peerDependenciesMeta:
      '@types/react':
        optional: true

  '@tanstack/query-core@5.81.5':
    resolution: {integrity: sha512-ZJOgCy/z2qpZXWaj/oxvodDx07XcQa9BF92c0oINjHkoqUPsmm3uG08HpTaviviZ/N9eP1f9CM7mKSEkIo7O1Q==}

  '@tanstack/query-persist-client-core@5.81.5':
    resolution: {integrity: sha512-imiMWYXf8KuXavOgVRc5IDixqP0VKEN6IxZ/vyuX87Wk0eX7QmRtjLn1AD4Hz7GxYPM3RalRzP5Bshc30hgOcg==}

  '@tanstack/query-sync-storage-persister@5.81.5':
    resolution: {integrity: sha512-dkCtueftbmK68PxcAT9oIH6R8LV3vZZJGg3uaq0w0gqcmSvRDqkquHmBIVBA7Oi+PAgO9yfw0Gv2SvCr4oJ7sg==}

  '@tanstack/react-query-persist-client@5.81.5':
    resolution: {integrity: sha512-ZV69n636C22RkbFK0rzel80oWjyWbMKiUwUE2MKhYWTSr42+JmqoehDwJ5sWcO8CxHNm4vWF8pyG+goRzluMYw==}
    peerDependencies:
      '@tanstack/react-query': ^5.81.5
      react: ^18 || ^19

  '@tanstack/react-query@5.81.5':
    resolution: {integrity: sha512-lOf2KqRRiYWpQT86eeeftAGnjuTR35myTP8MXyvHa81VlomoAWNEd8x5vkcAfQefu0qtYCvyqLropFZqgI2EQw==}
    peerDependencies:
      react: ^18 || ^19

  js-cookie@3.0.5:
    resolution: {integrity: sha512-cEiJEAEoIbWfCZYKWhVwFuvPX1gETRYPw6LlaTKoxD3s2AkXzkCjnp6h0V77ozyqj0jakteJ4YqDJT830+lVGw==}
    engines: {node: '>=14'}

  react-dom@19.1.0:
    resolution: {integrity: sha512-Xs1hdnE+DyKgeHJeJznQmYMIBG3TKIHJJT95Q58nHLSrElKlGQqDTR2HQ9fx5CN/Gk6Vh/kupBTDLU11/nDk/g==}
    peerDependencies:
      react: ^19.1.0

  react@19.1.0:
    resolution: {integrity: sha512-FS+XFBNvn3GTAWq26joslQgWNoFu08F4kl0J4CgdNKADkdSGXQyTCnKteIAJy96Br6YbpEU1LSzV5dYtjMkMDg==}
    engines: {node: '>=0.10.0'}

  scheduler@0.26.0:
    resolution: {integrity: sha512-NlHwttCI/l5gCPR3D1nNXtWABUmBwvZpEQiD4IXSbIDq8BzLIK/7Ir5gTFSGZDUu37K5cMNp0hFtzO38sC7gWA==}

snapshots:

  '@radix-ui/react-compose-refs@1.1.2(react@19.1.0)':
    dependencies:
      react: 19.1.0

  '@radix-ui/react-label@2.1.7(react-dom@19.1.0(react@19.1.0))(react@19.1.0)':
    dependencies:
      '@radix-ui/react-primitive': 2.1.3(react-dom@19.1.0(react@19.1.0))(react@19.1.0)
      react: 19.1.0
      react-dom: 19.1.0(react@19.1.0)

  '@radix-ui/react-primitive@2.1.3(react-dom@19.1.0(react@19.1.0))(react@19.1.0)':
    dependencies:
      '@radix-ui/react-slot': 1.2.3(react@19.1.0)
      react: 19.1.0
      react-dom: 19.1.0(react@19.1.0)

  '@radix-ui/react-slot@1.2.3(react@19.1.0)':
    dependencies:
      '@radix-ui/react-compose-refs': 1.1.2(react@19.1.0)
      react: 19.1.0

  '@tanstack/query-core@5.81.5': {}

  '@tanstack/query-persist-client-core@5.81.5':
    dependencies:
      '@tanstack/query-core': 5.81.5

  '@tanstack/query-sync-storage-persister@5.81.5':
    dependencies:
      '@tanstack/query-core': 5.81.5
      '@tanstack/query-persist-client-core': 5.81.5

  '@tanstack/react-query-persist-client@5.81.5(@tanstack/react-query@5.81.5(react@19.1.0))(react@19.1.0)':
    dependencies:
      '@tanstack/query-persist-client-core': 5.81.5
      '@tanstack/react-query': 5.81.5(react@19.1.0)
      react: 19.1.0

  '@tanstack/react-query@5.81.5(react@19.1.0)':
    dependencies:
      '@tanstack/query-core': 5.81.5
      react: 19.1.0

  js-cookie@3.0.5: {}

  react-dom@19.1.0(react@19.1.0):
    dependencies:
      react: 19.1.0
      scheduler: 0.26.0

  react@19.1.0: {}

  scheduler@0.26.0: {}
